github.com/davecgh/go-spew v1.1.1 h1:vj9j/u1bqnvCEfJOwUhtlOARqs3+rkHYY13jYWTU97c=
github.com/go-co-op/gocron v1.17.0 h1:IixLXsti+Qo0wMvmn6Kmjp2csk2ykpkcL+EmHmST18w=
github.com/go-co-op/gocron v1.17.0/go.mod h1:IpDBSaJOVfFw7hXZuTag3SCSkqazXBBUkbQ1m1aesBs=
github.com/pilebones/go-udev v0.0.0-20180820235104-043677e09b13 h1:Y+ynP+0QIjUejN2tsuIlWOJG1CThJy6amRuWlBL94Vg=
github.com/pmezard/go-difflib v1.0.0 h1:4DBwDE0NGyQoBHbLQYPwSUPoCMWR5BEzIk/f1lZbAQM=
github.com/robfig/cron/v3 v3.0.1 h1:WdRxkvbJztn8LMz/QEvLN5sBU+xKpSqwwUO1Pjr4qDs=
github.com/robfig/cron/v3 v3.0.1/go.mod h1:eQICP3HwyT7UooqI/z+Ov+PtYAWygg1TEWWzGIFLtro=
github.com/stretchr/testify v1.8.0 h1:pSgiaMZlXftHpm5L7V1+rVB+AZJydKsMxsQBIJw4PKk=
github.com/warthog618/gpiod v0.8.0 h1:qxH9XVvWHpTxzWFSndBcujFyNH5zVRzHM63tcmm85o4=
github.com/warthog618/gpiod v0.8.0/go.mod h1:a7Csa+IJtDBZ39++zC/6Srjo01qWejt/5velrDWuNkY=
golang.org/x/sync v0.0.0-20210220032951-036812b2e83c h1:5KslGYwFpkhGh+Q16bwMP3cOontH8FOep7tGV86Y7SQ=
golang.org/x/sync v0.0.0-20210220032951-036812b2e83c/go.mod h1:RxMgew5VJxzue5/jJTE5uejpjVlOe/izrB70Jof72aM=
golang.org/x/sys v0.0.0-20220907062415-87db552b00fd h1:AZeIEzg+8RCELJYq8w+ODLVxFgLMMigSwO/ffKPEd9U=
golang.org/x/sys v0.0.0-20220907062415-87db552b00fd/go.mod h1:oPkhp1MJrh7nUepCBck5+mAzfO9JrbApNNgaTdGDITg=
gopkg.in/yaml.v3 v3.0.1 h1:fxVm/GzAzEWqLHuvctI91KS9hhNmmWOoWu0XTYJS7CA=
